
Microsoft Visual Studio Solution File, Format Version 12.00
# Visual Studio Version 17
VisualStudioVersion = 17.0.32014.148
MinimumVisualStudioVersion = 10.0.40219.1
Project("{FAE04EC0-301F-11D3-BF4B-00C04F79EFBC}") = "PurcaseOrder", "PurcaseOrder.csproj", "{8F03702F-FC1A-4457-82DE-520D4AC9FBA2}"
EndProject
Global
	GlobalSection(SolutionConfigurationPlatforms) = preSolution
		Debug|Any CPU = Debug|Any CPU
		Release|Any CPU = Release|Any CPU
	EndGlobalSection
	GlobalSection(ProjectConfigurationPlatforms) = postSolution
		{8F03702F-FC1A-4457-82DE-520D4AC9FBA2}.Debug|Any CPU.ActiveCfg = Debug|Any CPU
		{8F03702F-FC1A-4457-82DE-520D4AC9FBA2}.Debug|Any CPU.Build.0 = Debug|Any CPU
		{8F03702F-FC1A-4457-82DE-520D4AC9FBA2}.Release|Any CPU.ActiveCfg = Release|Any CPU
		{8F03702F-FC1A-4457-82DE-520D4AC9FBA2}.Release|Any CPU.Build.0 = Release|Any CPU
	EndGlobalSection
	GlobalSection(SolutionProperties) = preSolution
		HideSolutionNode = FALSE
	EndGlobalSection
	GlobalSection(ExtensibilityGlobals) = postSolution
		SolutionGuid = {513AFECD-5E63-4FCE-B42E-97C9E8B61CF3}
	EndGlobalSection
EndGlobal
